// !$*UTF8*$!
{
	archiveVersion = 1;
	classes = {
	};
	objectVersion = 46;
	objects = {

/* Begin PBXBuildFile section */
		CE02777B1BD4FE2700C9FEB6 /* main.m in Sources */ = {isa = PBXBuildFile; fileRef = CE02777A1BD4FE2700C9FEB6 /* main.m */; };
		CE02777E1BD4FE2700C9FEB6 /* AppDelegate.m in Sources */ = {isa = PBXBuildFile; fileRef = CE02777D1BD4FE2700C9FEB6 /* AppDelegate.m */; };
		CE0277811BD4FE2700C9FEB6 /* ViewController.m in Sources */ = {isa = PBXBuildFile; fileRef = CE0277801BD4FE2700C9FEB6 /* ViewController.m */; };
		CE0277841BD4FE2700C9FEB6 /* Main.storyboard in Resources */ = {isa = PBXBuildFile; fileRef = CE0277821BD4FE2700C9FEB6 /* Main.storyboard */; };
		CE0277861BD4FE2700C9FEB6 /* Assets.xcassets in Resources */ = {isa = PBXBuildFile; fileRef = CE0277851BD4FE2700C9FEB6 /* Assets.xcassets */; };
		CE0277891BD4FE2700C9FEB6 /* LaunchScreen.storyboard in Resources */ = {isa = PBXBuildFile; fileRef = CE0277871BD4FE2700C9FEB6 /* LaunchScreen.storyboard */; };
		CE0277941BD4FE2800C9FEB6 /* PublicProjectTests.m in Sources */ = {isa = PBXBuildFile; fileRef = CE0277931BD4FE2800C9FEB6 /* PublicProjectTests.m */; };
		CE02779F1BD4FE2800C9FEB6 /* PublicProjectUITests.m in Sources */ = {isa = PBXBuildFile; fileRef = CE02779E1BD4FE2800C9FEB6 /* PublicProjectUITests.m */; };
		CE13BC4A1C1877B300D0FD78 /* BaseNavigationController.m in Sources */ = {isa = PBXBuildFile; fileRef = CE13BC471C1877B300D0FD78 /* BaseNavigationController.m */; };
		CE13BC4B1C1877B300D0FD78 /* BaseViewController.m in Sources */ = {isa = PBXBuildFile; fileRef = CE13BC491C1877B300D0FD78 /* BaseViewController.m */; };
		CE13BC511C1877E800D0FD78 /* LICENSE in Resources */ = {isa = PBXBuildFile; fileRef = CE13BC4D1C1877E800D0FD78 /* LICENSE */; };
		CE13BC521C1877E800D0FD78 /* MBProgressHUD.m in Sources */ = {isa = PBXBuildFile; fileRef = CE13BC4F1C1877E800D0FD78 /* MBProgressHUD.m */; };
		CE13BC531C1877E800D0FD78 /* README.mdown in Sources */ = {isa = PBXBuildFile; fileRef = CE13BC501C1877E800D0FD78 /* README.mdown */; };
		CE13BC591C18780600D0FD78 /* LICENCE.txt in Resources */ = {isa = PBXBuildFile; fileRef = CE13BC551C18780600D0FD78 /* LICENCE.txt */; };
		CE13BC5A1C18780600D0FD78 /* Reachability.m in Sources */ = {isa = PBXBuildFile; fileRef = CE13BC571C18780600D0FD78 /* Reachability.m */; };
		CE13BC5B1C18780600D0FD78 /* README.md in Sources */ = {isa = PBXBuildFile; fileRef = CE13BC581C18780600D0FD78 /* README.md */; };
		CED1420B1BD548A40047B181 /* NSDictionary+Additional.m in Sources */ = {isa = PBXBuildFile; fileRef = CED141A51BD548A40047B181 /* NSDictionary+Additional.m */; };
		CED1420C1BD548A40047B181 /* NSMutableArray+Additional.m in Sources */ = {isa = PBXBuildFile; fileRef = CED141A71BD548A40047B181 /* NSMutableArray+Additional.m */; };
		CED1420D1BD548A40047B181 /* NSString+Additional.m in Sources */ = {isa = PBXBuildFile; fileRef = CED141A91BD548A40047B181 /* NSString+Additional.m */; };
		CED1420E1BD548A40047B181 /* UIButton+Addtional.m in Sources */ = {isa = PBXBuildFile; fileRef = CED141AB1BD548A40047B181 /* UIButton+Addtional.m */; };
		CED1420F1BD548A40047B181 /* UIImage+Additional.m in Sources */ = {isa = PBXBuildFile; fileRef = CED141AD1BD548A40047B181 /* UIImage+Additional.m */; };
		CED142101BD548A40047B181 /* UILabel+Additional.m in Sources */ = {isa = PBXBuildFile; fileRef = CED141AF1BD548A40047B181 /* UILabel+Additional.m */; };
		CED142111BD548A40047B181 /* UIView+Additional.m in Sources */ = {isa = PBXBuildFile; fileRef = CED141B11BD548A40047B181 /* UIView+Additional.m */; };
		CED142131BD548A40047B181 /* Helper.m in Sources */ = {isa = PBXBuildFile; fileRef = CED141B61BD548A40047B181 /* Helper.m */; };
		CED142141BD548A40047B181 /* Jastor.m in Sources */ = {isa = PBXBuildFile; fileRef = CED141BA1BD548A40047B181 /* Jastor.m */; };
		CED142151BD548A40047B181 /* JastorRuntimeHelper.m in Sources */ = {isa = PBXBuildFile; fileRef = CED141BC1BD548A40047B181 /* JastorRuntimeHelper.m */; };
		CED1421D1BD548A40047B181 /* ConverUtil.m in Sources */ = {isa = PBXBuildFile; fileRef = CED141DA1BD548A40047B181 /* ConverUtil.m */; };
		CED1421E1BD548A40047B181 /* DesUtil.m in Sources */ = {isa = PBXBuildFile; fileRef = CED141DC1BD548A40047B181 /* DesUtil.m */; };
		CED142281BD548A40047B181 /* GTMBase64.m in Sources */ = {isa = PBXBuildFile; fileRef = CED141F91BD548A40047B181 /* GTMBase64.m */; settings = {COMPILER_FLAGS = "-fno-objc-arc"; }; };
		CED142291BD548A40047B181 /* JSONKit.m in Sources */ = {isa = PBXBuildFile; fileRef = CED141FD1BD548A40047B181 /* JSONKit.m */; settings = {COMPILER_FLAGS = "-fno-objc-arc"; }; };
		CED1422C1BD548A40047B181 /* OpenUDID.m in Sources */ = {isa = PBXBuildFile; fileRef = CED142051BD548A40047B181 /* OpenUDID.m */; settings = {COMPILER_FLAGS = "-fno-objc-arc"; }; };
		CED1422D1BD548A40047B181 /* LPTimer.m in Sources */ = {isa = PBXBuildFile; fileRef = CED142081BD548A40047B181 /* LPTimer.m */; };
		CED1422E1BD548A40047B181 /* NSTimer+BLocks.m in Sources */ = {isa = PBXBuildFile; fileRef = CED1420A1BD548A40047B181 /* NSTimer+BLocks.m */; };
		CED142341BD54AC70047B181 /* NSData+Base64.m in Sources */ = {isa = PBXBuildFile; fileRef = CED142311BD54AC70047B181 /* NSData+Base64.m */; settings = {COMPILER_FLAGS = "-fno-objc-arc"; }; };
		CED142351BD54AC70047B181 /* NSData+QBase64.m in Sources */ = {isa = PBXBuildFile; fileRef = CED142331BD54AC70047B181 /* NSData+QBase64.m */; settings = {COMPILER_FLAGS = "-fno-objc-arc"; }; };
/* End PBXBuildFile section */

/* Begin PBXContainerItemProxy section */
		CE0277901BD4FE2800C9FEB6 /* PBXContainerItemProxy */ = {
			isa = PBXContainerItemProxy;
			containerPortal = CE02776E1BD4FE2700C9FEB6 /* Project object */;
			proxyType = 1;
			remoteGlobalIDString = CE0277751BD4FE2700C9FEB6;
			remoteInfo = PublicProject;
		};
		CE02779B1BD4FE2800C9FEB6 /* PBXContainerItemProxy */ = {
			isa = PBXContainerItemProxy;
			containerPortal = CE02776E1BD4FE2700C9FEB6 /* Project object */;
			proxyType = 1;
			remoteGlobalIDString = CE0277751BD4FE2700C9FEB6;
			remoteInfo = PublicProject;
		};
/* End PBXContainerItemProxy section */

/* Begin PBXFileReference section */
		CE0277761BD4FE2700C9FEB6 /* PublicProject.app */ = {isa = PBXFileReference; explicitFileType = wrapper.application; includeInIndex = 0; path = PublicProject.app; sourceTree = BUILT_PRODUCTS_DIR; };
		CE02777A1BD4FE2700C9FEB6 /* main.m */ = {isa = PBXFileReference; lastKnownFileType = sourcecode.c.objc; path = main.m; sourceTree = "<group>"; };
		CE02777C1BD4FE2700C9FEB6 /* AppDelegate.h */ = {isa = PBXFileReference; lastKnownFileType = sourcecode.c.h; path = AppDelegate.h; sourceTree = "<group>"; };
		CE02777D1BD4FE2700C9FEB6 /* AppDelegate.m */ = {isa = PBXFileReference; lastKnownFileType = sourcecode.c.objc; path = AppDelegate.m; sourceTree = "<group>"; };
		CE02777F1BD4FE2700C9FEB6 /* ViewController.h */ = {isa = PBXFileReference; lastKnownFileType = sourcecode.c.h; path = ViewController.h; sourceTree = "<group>"; };
		CE0277801BD4FE2700C9FEB6 /* ViewController.m */ = {isa = PBXFileReference; lastKnownFileType = sourcecode.c.objc; path = ViewController.m; sourceTree = "<group>"; };
		CE0277831BD4FE2700C9FEB6 /* Base */ = {isa = PBXFileReference; lastKnownFileType = file.storyboard; name = Base; path = Base.lproj/Main.storyboard; sourceTree = "<group>"; };
		CE0277851BD4FE2700C9FEB6 /* Assets.xcassets */ = {isa = PBXFileReference; lastKnownFileType = folder.assetcatalog; path = Assets.xcassets; sourceTree = "<group>"; };
		CE0277881BD4FE2700C9FEB6 /* Base */ = {isa = PBXFileReference; lastKnownFileType = file.storyboard; name = Base; path = Base.lproj/LaunchScreen.storyboard; sourceTree = "<group>"; };
		CE02778A1BD4FE2700C9FEB6 /* Info.plist */ = {isa = PBXFileReference; lastKnownFileType = text.plist.xml; path = Info.plist; sourceTree = "<group>"; };
		CE02778F1BD4FE2800C9FEB6 /* PublicProjectTests.xctest */ = {isa = PBXFileReference; explicitFileType = wrapper.cfbundle; includeInIndex = 0; path = PublicProjectTests.xctest; sourceTree = BUILT_PRODUCTS_DIR; };
		CE0277931BD4FE2800C9FEB6 /* PublicProjectTests.m */ = {isa = PBXFileReference; lastKnownFileType = sourcecode.c.objc; path = PublicProjectTests.m; sourceTree = "<group>"; };
		CE0277951BD4FE2800C9FEB6 /* Info.plist */ = {isa = PBXFileReference; lastKnownFileType = text.plist.xml; path = Info.plist; sourceTree = "<group>"; };
		CE02779A1BD4FE2800C9FEB6 /* PublicProjectUITests.xctest */ = {isa = PBXFileReference; explicitFileType = wrapper.cfbundle; includeInIndex = 0; path = PublicProjectUITests.xctest; sourceTree = BUILT_PRODUCTS_DIR; };
		CE02779E1BD4FE2800C9FEB6 /* PublicProjectUITests.m */ = {isa = PBXFileReference; lastKnownFileType = sourcecode.c.objc; path = PublicProjectUITests.m; sourceTree = "<group>"; };
		CE0277A01BD4FE2800C9FEB6 /* Info.plist */ = {isa = PBXFileReference; lastKnownFileType = text.plist.xml; path = Info.plist; sourceTree = "<group>"; };
		CE13BC461C1877B300D0FD78 /* BaseNavigationController.h */ = {isa = PBXFileReference; fileEncoding = 4; lastKnownFileType = sourcecode.c.h; path = BaseNavigationController.h; sourceTree = "<group>"; };
		CE13BC471C1877B300D0FD78 /* BaseNavigationController.m */ = {isa = PBXFileReference; fileEncoding = 4; lastKnownFileType = sourcecode.c.objc; path = BaseNavigationController.m; sourceTree = "<group>"; };
		CE13BC481C1877B300D0FD78 /* BaseViewController.h */ = {isa = PBXFileReference; fileEncoding = 4; lastKnownFileType = sourcecode.c.h; path = BaseViewController.h; sourceTree = "<group>"; };
		CE13BC491C1877B300D0FD78 /* BaseViewController.m */ = {isa = PBXFileReference; fileEncoding = 4; lastKnownFileType = sourcecode.c.objc; path = BaseViewController.m; sourceTree = "<group>"; };
		CE13BC4D1C1877E800D0FD78 /* LICENSE */ = {isa = PBXFileReference; fileEncoding = 4; lastKnownFileType = text; path = LICENSE; sourceTree = "<group>"; };
		CE13BC4E1C1877E800D0FD78 /* MBProgressHUD.h */ = {isa = PBXFileReference; fileEncoding = 4; lastKnownFileType = sourcecode.c.h; path = MBProgressHUD.h; sourceTree = "<group>"; };
		CE13BC4F1C1877E800D0FD78 /* MBProgressHUD.m */ = {isa = PBXFileReference; fileEncoding = 4; lastKnownFileType = sourcecode.c.objc; path = MBProgressHUD.m; sourceTree = "<group>"; };
		CE13BC501C1877E800D0FD78 /* README.mdown */ = {isa = PBXFileReference; fileEncoding = 4; lastKnownFileType = net.daringfireball.markdown; path = README.mdown; sourceTree = "<group>"; };
		CE13BC551C18780600D0FD78 /* LICENCE.txt */ = {isa = PBXFileReference; fileEncoding = 4; lastKnownFileType = text; path = LICENCE.txt; sourceTree = "<group>"; };
		CE13BC561C18780600D0FD78 /* Reachability.h */ = {isa = PBXFileReference; fileEncoding = 4; lastKnownFileType = sourcecode.c.h; path = Reachability.h; sourceTree = "<group>"; };
		CE13BC571C18780600D0FD78 /* Reachability.m */ = {isa = PBXFileReference; fileEncoding = 4; lastKnownFileType = sourcecode.c.objc; path = Reachability.m; sourceTree = "<group>"; };
		CE13BC581C18780600D0FD78 /* README.md */ = {isa = PBXFileReference; fileEncoding = 4; lastKnownFileType = net.daringfireball.markdown; path = README.md; sourceTree = "<group>"; };
		CED141A41BD548A40047B181 /* NSDictionary+Additional.h */ = {isa = PBXFileReference; fileEncoding = 4; lastKnownFileType = sourcecode.c.h; path = "NSDictionary+Additional.h"; sourceTree = "<group>"; };
		CED141A51BD548A40047B181 /* NSDictionary+Additional.m */ = {isa = PBXFileReference; fileEncoding = 4; lastKnownFileType = sourcecode.c.objc; path = "NSDictionary+Additional.m"; sourceTree = "<group>"; };
		CED141A61BD548A40047B181 /* NSMutableArray+Additional.h */ = {isa = PBXFileReference; fileEncoding = 4; lastKnownFileType = sourcecode.c.h; path = "NSMutableArray+Additional.h"; sourceTree = "<group>"; };
		CED141A71BD548A40047B181 /* NSMutableArray+Additional.m */ = {isa = PBXFileReference; fileEncoding = 4; lastKnownFileType = sourcecode.c.objc; path = "NSMutableArray+Additional.m"; sourceTree = "<group>"; };
		CED141A81BD548A40047B181 /* NSString+Additional.h */ = {isa = PBXFileReference; fileEncoding = 4; lastKnownFileType = sourcecode.c.h; path = "NSString+Additional.h"; sourceTree = "<group>"; };
		CED141A91BD548A40047B181 /* NSString+Additional.m */ = {isa = PBXFileReference; fileEncoding = 4; lastKnownFileType = sourcecode.c.objc; path = "NSString+Additional.m"; sourceTree = "<group>"; };
		CED141AA1BD548A40047B181 /* UIButton+Addtional.h */ = {isa = PBXFileReference; fileEncoding = 4; lastKnownFileType = sourcecode.c.h; path = "UIButton+Addtional.h"; sourceTree = "<group>"; };
		CED141AB1BD548A40047B181 /* UIButton+Addtional.m */ = {isa = PBXFileReference; fileEncoding = 4; lastKnownFileType = sourcecode.c.objc; path = "UIButton+Addtional.m"; sourceTree = "<group>"; };
		CED141AC1BD548A40047B181 /* UIImage+Additional.h */ = {isa = PBXFileReference; fileEncoding = 4; lastKnownFileType = sourcecode.c.h; path = "UIImage+Additional.h"; sourceTree = "<group>"; };
		CED141AD1BD548A40047B181 /* UIImage+Additional.m */ = {isa = PBXFileReference; fileEncoding = 4; lastKnownFileType = sourcecode.c.objc; path = "UIImage+Additional.m"; sourceTree = "<group>"; };
		CED141AE1BD548A40047B181 /* UILabel+Additional.h */ = {isa = PBXFileReference; fileEncoding = 4; lastKnownFileType = sourcecode.c.h; path = "UILabel+Additional.h"; sourceTree = "<group>"; };
		CED141AF1BD548A40047B181 /* UILabel+Additional.m */ = {isa = PBXFileReference; fileEncoding = 4; lastKnownFileType = sourcecode.c.objc; path = "UILabel+Additional.m"; sourceTree = "<group>"; };
		CED141B01BD548A40047B181 /* UIView+Additional.h */ = {isa = PBXFileReference; fileEncoding = 4; lastKnownFileType = sourcecode.c.h; path = "UIView+Additional.h"; sourceTree = "<group>"; };
		CED141B11BD548A40047B181 /* UIView+Additional.m */ = {isa = PBXFileReference; fileEncoding = 4; lastKnownFileType = sourcecode.c.objc; path = "UIView+Additional.m"; sourceTree = "<group>"; };
		CED141B51BD548A40047B181 /* Helper.h */ = {isa = PBXFileReference; fileEncoding = 4; lastKnownFileType = sourcecode.c.h; path = Helper.h; sourceTree = "<group>"; };
		CED141B61BD548A40047B181 /* Helper.m */ = {isa = PBXFileReference; fileEncoding = 4; lastKnownFileType = sourcecode.c.objc; path = Helper.m; sourceTree = "<group>"; };
		CED141B81BD548A40047B181 /* Jastor-Prefix.pch */ = {isa = PBXFileReference; fileEncoding = 4; lastKnownFileType = sourcecode.c.h; path = "Jastor-Prefix.pch"; sourceTree = "<group>"; };
		CED141B91BD548A40047B181 /* Jastor.h */ = {isa = PBXFileReference; fileEncoding = 4; lastKnownFileType = sourcecode.c.h; path = Jastor.h; sourceTree = "<group>"; };
		CED141BA1BD548A40047B181 /* Jastor.m */ = {isa = PBXFileReference; fileEncoding = 4; lastKnownFileType = sourcecode.c.objc; path = Jastor.m; sourceTree = "<group>"; };
		CED141BB1BD548A40047B181 /* JastorRuntimeHelper.h */ = {isa = PBXFileReference; fileEncoding = 4; lastKnownFileType = sourcecode.c.h; path = JastorRuntimeHelper.h; sourceTree = "<group>"; };
		CED141BC1BD548A40047B181 /* JastorRuntimeHelper.m */ = {isa = PBXFileReference; fileEncoding = 4; lastKnownFileType = sourcecode.c.objc; path = JastorRuntimeHelper.m; sourceTree = "<group>"; };
		CED141BF1BD548A40047B181 /* ColorMacro.h */ = {isa = PBXFileReference; fileEncoding = 4; lastKnownFileType = sourcecode.c.h; path = ColorMacro.h; sourceTree = "<group>"; };
		CED141C11BD548A40047B181 /* LayoutMacro.h */ = {isa = PBXFileReference; fileEncoding = 4; lastKnownFileType = sourcecode.c.h; path = LayoutMacro.h; sourceTree = "<group>"; };
		CED141C31BD548A40047B181 /* MacroHeader.h */ = {isa = PBXFileReference; fileEncoding = 4; lastKnownFileType = sourcecode.c.h; path = MacroHeader.h; sourceTree = "<group>"; };
		CED141C41BD548A40047B181 /* PathMacro.h */ = {isa = PBXFileReference; fileEncoding = 4; lastKnownFileType = sourcecode.c.h; path = PathMacro.h; sourceTree = "<group>"; };
		CED141C61BD548A40047B181 /* SystemMacro.h */ = {isa = PBXFileReference; fileEncoding = 4; lastKnownFileType = sourcecode.c.h; path = SystemMacro.h; sourceTree = "<group>"; };
		CED141CA1BD548A40047B181 /* UtilsMacro.h */ = {isa = PBXFileReference; fileEncoding = 4; lastKnownFileType = sourcecode.c.h; path = UtilsMacro.h; sourceTree = "<group>"; };
		CED141D91BD548A40047B181 /* ConverUtil.h */ = {isa = PBXFileReference; fileEncoding = 4; lastKnownFileType = sourcecode.c.h; path = ConverUtil.h; sourceTree = "<group>"; };
		CED141DA1BD548A40047B181 /* ConverUtil.m */ = {isa = PBXFileReference; fileEncoding = 4; lastKnownFileType = sourcecode.c.objc; path = ConverUtil.m; sourceTree = "<group>"; };
		CED141DB1BD548A40047B181 /* DesUtil.h */ = {isa = PBXFileReference; fileEncoding = 4; lastKnownFileType = sourcecode.c.h; path = DesUtil.h; sourceTree = "<group>"; };
		CED141DC1BD548A40047B181 /* DesUtil.m */ = {isa = PBXFileReference; fileEncoding = 4; lastKnownFileType = sourcecode.c.objc; path = DesUtil.m; sourceTree = "<group>"; };
		CED141F81BD548A40047B181 /* GTMBase64.h */ = {isa = PBXFileReference; fileEncoding = 4; lastKnownFileType = sourcecode.c.h; path = GTMBase64.h; sourceTree = "<group>"; };
		CED141F91BD548A40047B181 /* GTMBase64.m */ = {isa = PBXFileReference; fileEncoding = 4; lastKnownFileType = sourcecode.c.objc; path = GTMBase64.m; sourceTree = "<group>"; };
		CED141FA1BD548A40047B181 /* GTMDefines.h */ = {isa = PBXFileReference; fileEncoding = 4; lastKnownFileType = sourcecode.c.h; path = GTMDefines.h; sourceTree = "<group>"; };
		CED141FC1BD548A40047B181 /* JSONKit.h */ = {isa = PBXFileReference; fileEncoding = 4; lastKnownFileType = sourcecode.c.h; path = JSONKit.h; sourceTree = "<group>"; };
		CED141FD1BD548A40047B181 /* JSONKit.m */ = {isa = PBXFileReference; fileEncoding = 4; lastKnownFileType = sourcecode.c.objc; path = JSONKit.m; sourceTree = "<group>"; };
		CED142041BD548A40047B181 /* OpenUDID.h */ = {isa = PBXFileReference; fileEncoding = 4; lastKnownFileType = sourcecode.c.h; path = OpenUDID.h; sourceTree = "<group>"; };
		CED142051BD548A40047B181 /* OpenUDID.m */ = {isa = PBXFileReference; fileEncoding = 4; lastKnownFileType = sourcecode.c.objc; path = OpenUDID.m; sourceTree = "<group>"; };
		CED142071BD548A40047B181 /* LPTimer.h */ = {isa = PBXFileReference; fileEncoding = 4; lastKnownFileType = sourcecode.c.h; path = LPTimer.h; sourceTree = "<group>"; };
		CED142081BD548A40047B181 /* LPTimer.m */ = {isa = PBXFileReference; fileEncoding = 4; lastKnownFileType = sourcecode.c.objc; path = LPTimer.m; sourceTree = "<group>"; };
		CED142091BD548A40047B181 /* NSTimer+BLocks.h */ = {isa = PBXFileReference; fileEncoding = 4; lastKnownFileType = sourcecode.c.h; path = "NSTimer+BLocks.h"; sourceTree = "<group>"; };
		CED1420A1BD548A40047B181 /* NSTimer+BLocks.m */ = {isa = PBXFileReference; fileEncoding = 4; lastKnownFileType = sourcecode.c.objc; path = "NSTimer+BLocks.m"; sourceTree = "<group>"; };
		CED142301BD54AC70047B181 /* NSData+Base64.h */ = {isa = PBXFileReference; fileEncoding = 4; lastKnownFileType = sourcecode.c.h; path = "NSData+Base64.h"; sourceTree = "<group>"; };
		CED142311BD54AC70047B181 /* NSData+Base64.m */ = {isa = PBXFileReference; fileEncoding = 4; lastKnownFileType = sourcecode.c.objc; path = "NSData+Base64.m"; sourceTree = "<group>"; };
		CED142321BD54AC70047B181 /* NSData+QBase64.h */ = {isa = PBXFileReference; fileEncoding = 4; lastKnownFileType = sourcecode.c.h; path = "NSData+QBase64.h"; sourceTree = "<group>"; };
		CED142331BD54AC70047B181 /* NSData+QBase64.m */ = {isa = PBXFileReference; fileEncoding = 4; lastKnownFileType = sourcecode.c.objc; path = "NSData+QBase64.m"; sourceTree = "<group>"; };
/* End PBXFileReference section */

/* Begin PBXFrameworksBuildPhase section */
		CE0277731BD4FE2700C9FEB6 /* Frameworks */ = {
			isa = PBXFrameworksBuildPhase;
			buildActionMask = 2147483647;
			files = (
			);
			runOnlyForDeploymentPostprocessing = 0;
		};
		CE02778C1BD4FE2800C9FEB6 /* Frameworks */ = {
			isa = PBXFrameworksBuildPhase;
			buildActionMask = 2147483647;
			files = (
			);
			runOnlyForDeploymentPostprocessing = 0;
		};
		CE0277971BD4FE2800C9FEB6 /* Frameworks */ = {
			isa = PBXFrameworksBuildPhase;
			buildActionMask = 2147483647;
			files = (
			);
			runOnlyForDeploymentPostprocessing = 0;
		};
/* End PBXFrameworksBuildPhase section */

/* Begin PBXGroup section */
		CE02776D1BD4FE2700C9FEB6 = {
			isa = PBXGroup;
			children = (
				CE0277781BD4FE2700C9FEB6 /* PublicProject */,
				CE0277921BD4FE2800C9FEB6 /* PublicProjectTests */,
				CE02779D1BD4FE2800C9FEB6 /* PublicProjectUITests */,
				CE0277771BD4FE2700C9FEB6 /* Products */,
			);
			sourceTree = "<group>";
		};
		CE0277771BD4FE2700C9FEB6 /* Products */ = {
			isa = PBXGroup;
			children = (
				CE0277761BD4FE2700C9FEB6 /* PublicProject.app */,
				CE02778F1BD4FE2800C9FEB6 /* PublicProjectTests.xctest */,
				CE02779A1BD4FE2800C9FEB6 /* PublicProjectUITests.xctest */,
			);
			name = Products;
			sourceTree = "<group>";
		};
		CE0277781BD4FE2700C9FEB6 /* PublicProject */ = {
			isa = PBXGroup;
			children = (
				CED141A21BD548A40047B181 /* Classes */,
				CE02777C1BD4FE2700C9FEB6 /* AppDelegate.h */,
				CE02777D1BD4FE2700C9FEB6 /* AppDelegate.m */,
				CE02777F1BD4FE2700C9FEB6 /* ViewController.h */,
				CE0277801BD4FE2700C9FEB6 /* ViewController.m */,
				CE13BC541C18780600D0FD78 /* Reachability */,
				CE13BC4C1C1877E800D0FD78 /* MBProgressHUD */,
				CE0277821BD4FE2700C9FEB6 /* Main.storyboard */,
				CE0277851BD4FE2700C9FEB6 /* Assets.xcassets */,
				CE0277871BD4FE2700C9FEB6 /* LaunchScreen.storyboard */,
				CE02778A1BD4FE2700C9FEB6 /* Info.plist */,
				CE0277791BD4FE2700C9FEB6 /* Supporting Files */,
			);
			path = PublicProject;
			sourceTree = "<group>";
		};
		CE0277791BD4FE2700C9FEB6 /* Supporting Files */ = {
			isa = PBXGroup;
			children = (
				CE02777A1BD4FE2700C9FEB6 /* main.m */,
			);
			name = "Supporting Files";
			sourceTree = "<group>";
		};
		CE0277921BD4FE2800C9FEB6 /* PublicProjectTests */ = {
			isa = PBXGroup;
			children = (
				CE0277931BD4FE2800C9FEB6 /* PublicProjectTests.m */,
				CE0277951BD4FE2800C9FEB6 /* Info.plist */,
			);
			path = PublicProjectTests;
			sourceTree = "<group>";
		};
		CE02779D1BD4FE2800C9FEB6 /* PublicProjectUITests */ = {
			isa = PBXGroup;
			children = (
				CE02779E1BD4FE2800C9FEB6 /* PublicProjectUITests.m */,
				CE0277A01BD4FE2800C9FEB6 /* Info.plist */,
			);
			path = PublicProjectUITests;
			sourceTree = "<group>";
		};
		CE13BC451C1877B300D0FD78 /* BaseViewController */ = {
			isa = PBXGroup;
			children = (
				CE13BC461C1877B300D0FD78 /* BaseNavigationController.h */,
				CE13BC471C1877B300D0FD78 /* BaseNavigationController.m */,
				CE13BC481C1877B300D0FD78 /* BaseViewController.h */,
				CE13BC491C1877B300D0FD78 /* BaseViewController.m */,
			);
			path = BaseViewController;
			sourceTree = "<group>";
		};
		CE13BC4C1C1877E800D0FD78 /* MBProgressHUD */ = {
			isa = PBXGroup;
			children = (
				CE13BC4D1C1877E800D0FD78 /* LICENSE */,
				CE13BC4E1C1877E800D0FD78 /* MBProgressHUD.h */,
				CE13BC4F1C1877E800D0FD78 /* MBProgressHUD.m */,
				CE13BC501C1877E800D0FD78 /* README.mdown */,
			);
			path = MBProgressHUD;
			sourceTree = "<group>";
		};
		CE13BC541C18780600D0FD78 /* Reachability */ = {
			isa = PBXGroup;
			children = (
				CE13BC551C18780600D0FD78 /* LICENCE.txt */,
				CE13BC561C18780600D0FD78 /* Reachability.h */,
				CE13BC571C18780600D0FD78 /* Reachability.m */,
				CE13BC581C18780600D0FD78 /* README.md */,
			);
			path = Reachability;
			sourceTree = "<group>";
		};
		CED141A21BD548A40047B181 /* Classes */ = {
			isa = PBXGroup;
			children = (
				CE13BC451C1877B300D0FD78 /* BaseViewController */,
				CED141A31BD548A40047B181 /* Additions */,
				CED141B41BD548A40047B181 /* Helper */,
				CED141B71BD548A40047B181 /* Jastor */,
				CED141BD1BD548A40047B181 /* Macro */,
				CED141D81BD548A40047B181 /* Utils */,
				CED141DD1BD548A40047B181 /* Vendors */,
			);
			path = Classes;
			sourceTree = SOURCE_ROOT;
		};
		CED141A31BD548A40047B181 /* Additions */ = {
			isa = PBXGroup;
			children = (
				CED141A41BD548A40047B181 /* NSDictionary+Additional.h */,
				CED141A51BD548A40047B181 /* NSDictionary+Additional.m */,
				CED141A61BD548A40047B181 /* NSMutableArray+Additional.h */,
				CED141A71BD548A40047B181 /* NSMutableArray+Additional.m */,
				CED141A81BD548A40047B181 /* NSString+Additional.h */,
				CED141A91BD548A40047B181 /* NSString+Additional.m */,
				CED141AA1BD548A40047B181 /* UIButton+Addtional.h */,
				CED141AB1BD548A40047B181 /* UIButton+Addtional.m */,
				CED141AC1BD548A40047B181 /* UIImage+Additional.h */,
				CED141AD1BD548A40047B181 /* UIImage+Additional.m */,
				CED141AE1BD548A40047B181 /* UILabel+Additional.h */,
				CED141AF1BD548A40047B181 /* UILabel+Additional.m */,
				CED141B01BD548A40047B181 /* UIView+Additional.h */,
				CED141B11BD548A40047B181 /* UIView+Additional.m */,
			);
			path = Additions;
			sourceTree = "<group>";
		};
		CED141B41BD548A40047B181 /* Helper */ = {
			isa = PBXGroup;
			children = (
				CED141B51BD548A40047B181 /* Helper.h */,
				CED141B61BD548A40047B181 /* Helper.m */,
			);
			path = Helper;
			sourceTree = "<group>";
		};
		CED141B71BD548A40047B181 /* Jastor */ = {
			isa = PBXGroup;
			children = (
				CED141B81BD548A40047B181 /* Jastor-Prefix.pch */,
				CED141B91BD548A40047B181 /* Jastor.h */,
				CED141BA1BD548A40047B181 /* Jastor.m */,
				CED141BB1BD548A40047B181 /* JastorRuntimeHelper.h */,
				CED141BC1BD548A40047B181 /* JastorRuntimeHelper.m */,
			);
			path = Jastor;
			sourceTree = "<group>";
		};
		CED141BD1BD548A40047B181 /* Macro */ = {
			isa = PBXGroup;
			children = (
				CED141BF1BD548A40047B181 /* ColorMacro.h */,
				CED141C11BD548A40047B181 /* LayoutMacro.h */,
				CED141C31BD548A40047B181 /* MacroHeader.h */,
				CED141C41BD548A40047B181 /* PathMacro.h */,
				CED141C61BD548A40047B181 /* SystemMacro.h */,
				CED141CA1BD548A40047B181 /* UtilsMacro.h */,
			);
			path = Macro;
			sourceTree = "<group>";
		};
		CED141D81BD548A40047B181 /* Utils */ = {
			isa = PBXGroup;
			children = (
				CED141D91BD548A40047B181 /* ConverUtil.h */,
				CED141DA1BD548A40047B181 /* ConverUtil.m */,
				CED141DB1BD548A40047B181 /* DesUtil.h */,
				CED141DC1BD548A40047B181 /* DesUtil.m */,
			);
			path = Utils;
			sourceTree = "<group>";
		};
		CED141DD1BD548A40047B181 /* Vendors */ = {
			isa = PBXGroup;
			children = (
				CED1422F1BD54AC70047B181 /* QBase64 */,
				CED141F71BD548A40047B181 /* GTMBase64 */,
				CED141FB1BD548A40047B181 /* JSON */,
				CED142031BD548A40047B181 /* OpenUDID */,
				CED142061BD548A40047B181 /* Timer */,
			);
			path = Vendors;
			sourceTree = "<group>";
		};
		CED141F71BD548A40047B181 /* GTMBase64 */ = {
			isa = PBXGroup;
			children = (
				CED141F81BD548A40047B181 /* GTMBase64.h */,
				CED141F91BD548A40047B181 /* GTMBase64.m */,
				CED141FA1BD548A40047B181 /* GTMDefines.h */,
			);
			path = GTMBase64;
			sourceTree = "<group>";
		};
		CED141FB1BD548A40047B181 /* JSON */ = {
			isa = PBXGroup;
			children = (
				CED141FC1BD548A40047B181 /* JSONKit.h */,
				CED141FD1BD548A40047B181 /* JSONKit.m */,
			);
			path = JSON;
			sourceTree = "<group>";
		};
		CED142031BD548A40047B181 /* OpenUDID */ = {
			isa = PBXGroup;
			children = (
				CED142041BD548A40047B181 /* OpenUDID.h */,
				CED142051BD548A40047B181 /* OpenUDID.m */,
			);
			path = OpenUDID;
			sourceTree = "<group>";
		};
		CED142061BD548A40047B181 /* Timer */ = {
			isa = PBXGroup;
			children = (
				CED142071BD548A40047B181 /* LPTimer.h */,
				CED142081BD548A40047B181 /* LPTimer.m */,
				CED142091BD548A40047B181 /* NSTimer+BLocks.h */,
				CED1420A1BD548A40047B181 /* NSTimer+BLocks.m */,
			);
			path = Timer;
			sourceTree = "<group>";
		};
		CED1422F1BD54AC70047B181 /* QBase64 */ = {
			isa = PBXGroup;
			children = (
				CED142301BD54AC70047B181 /* NSData+Base64.h */,
				CED142311BD54AC70047B181 /* NSData+Base64.m */,
				CED142321BD54AC70047B181 /* NSData+QBase64.h */,
				CED142331BD54AC70047B181 /* NSData+QBase64.m */,
			);
			path = QBase64;
			sourceTree = "<group>";
		};
/* End PBXGroup section */

/* Begin PBXNativeTarget section */
		CE0277751BD4FE2700C9FEB6 /* PublicProject */ = {
			isa = PBXNativeTarget;
			buildConfigurationList = CE0277A31BD4FE2800C9FEB6 /* Build configuration list for PBXNativeTarget "PublicProject" */;
			buildPhases = (
				CE0277721BD4FE2700C9FEB6 /* Sources */,
				CE0277731BD4FE2700C9FEB6 /* Frameworks */,
				CE0277741BD4FE2700C9FEB6 /* Resources */,
			);
			buildRules = (
			);
			dependencies = (
			);
			name = PublicProject;
			productName = PublicProject;
			productReference = CE0277761BD4FE2700C9FEB6 /* PublicProject.app */;
			productType = "com.apple.product-type.application";
		};
		CE02778E1BD4FE2800C9FEB6 /* PublicProjectTests */ = {
			isa = PBXNativeTarget;
			buildConfigurationList = CE0277A61BD4FE2800C9FEB6 /* Build configuration list for PBXNativeTarget "PublicProjectTests" */;
			buildPhases = (
				CE02778B1BD4FE2800C9FEB6 /* Sources */,
				CE02778C1BD4FE2800C9FEB6 /* Frameworks */,
				CE02778D1BD4FE2800C9FEB6 /* Resources */,
			);
			buildRules = (
			);
			dependencies = (
				CE0277911BD4FE2800C9FEB6 /* PBXTargetDependency */,
			);
			name = PublicProjectTests;
			productName = PublicProjectTests;
			productReference = CE02778F1BD4FE2800C9FEB6 /* PublicProjectTests.xctest */;
			productType = "com.apple.product-type.bundle.unit-test";
		};
		CE0277991BD4FE2800C9FEB6 /* PublicProjectUITests */ = {
			isa = PBXNativeTarget;
			buildConfigurationList = CE0277A91BD4FE2800C9FEB6 /* Build configuration list for PBXNativeTarget "PublicProjectUITests" */;
			buildPhases = (
				CE0277961BD4FE2800C9FEB6 /* Sources */,
				CE0277971BD4FE2800C9FEB6 /* Frameworks */,
				CE0277981BD4FE2800C9FEB6 /* Resources */,
			);
			buildRules = (
			);
			dependencies = (
				CE02779C1BD4FE2800C9FEB6 /* PBXTargetDependency */,
			);
			name = PublicProjectUITests;
			productName = PublicProjectUITests;
			productReference = CE02779A1BD4FE2800C9FEB6 /* PublicProjectUITests.xctest */;
			productType = "com.apple.product-type.bundle.ui-testing";
		};
/* End PBXNativeTarget section */

/* Begin PBXProject section */
		CE02776E1BD4FE2700C9FEB6 /* Project object */ = {
			isa = PBXProject;
			attributes = {
				LastUpgradeCheck = 0700;
				ORGANIZATIONNAME = BG;
				TargetAttributes = {
					CE0277751BD4FE2700C9FEB6 = {
						CreatedOnToolsVersion = 7.0.1;
					};
					CE02778E1BD4FE2800C9FEB6 = {
						CreatedOnToolsVersion = 7.0.1;
						TestTargetID = CE0277751BD4FE2700C9FEB6;
					};
					CE0277991BD4FE2800C9FEB6 = {
						CreatedOnToolsVersion = 7.0.1;
						TestTargetID = CE0277751BD4FE2700C9FEB6;
					};
				};
			};
			buildConfigurationList = CE0277711BD4FE2700C9FEB6 /* Build configuration list for PBXProject "PublicProject" */;
			compatibilityVersion = "Xcode 3.2";
			developmentRegion = English;
			hasScannedForEncodings = 0;
			knownRegions = (
				en,
				Base,
			);
			mainGroup = CE02776D1BD4FE2700C9FEB6;
			productRefGroup = CE0277771BD4FE2700C9FEB6 /* Products */;
			projectDirPath = "";
			projectRoot = "";
			targets = (
				CE0277751BD4FE2700C9FEB6 /* PublicProject */,
				CE02778E1BD4FE2800C9FEB6 /* PublicProjectTests */,
				CE0277991BD4FE2800C9FEB6 /* PublicProjectUITests */,
			);
		};
/* End PBXProject section */

/* Begin PBXResourcesBuildPhase section */
		CE0277741BD4FE2700C9FEB6 /* Resources */ = {
			isa = PBXResourcesBuildPhase;
			buildActionMask = 2147483647;
			files = (
				CE13BC591C18780600D0FD78 /* LICENCE.txt in Resources */,
				CE0277891BD4FE2700C9FEB6 /* LaunchScreen.storyboard in Resources */,
				CE0277861BD4FE2700C9FEB6 /* Assets.xcassets in Resources */,
				CE13BC511C1877E800D0FD78 /* LICENSE in Resources */,
				CE0277841BD4FE2700C9FEB6 /* Main.storyboard in Resources */,
			);
			runOnlyForDeploymentPostprocessing = 0;
		};
		CE02778D1BD4FE2800C9FEB6 /* Resources */ = {
			isa = PBXResourcesBuildPhase;
			buildActionMask = 2147483647;
			files = (
			);
			runOnlyForDeploymentPostprocessing = 0;
		};
		CE0277981BD4FE2800C9FEB6 /* Resources */ = {
			isa = PBXResourcesBuildPhase;
			buildActionMask = 2147483647;
			files = (
			);
			runOnlyForDeploymentPostprocessing = 0;
		};
/* End PBXResourcesBuildPhase section */

/* Begin PBXSourcesBuildPhase section */
		CE0277721BD4FE2700C9FEB6 /* Sources */ = {
			isa = PBXSourcesBuildPhase;
			buildActionMask = 2147483647;
			files = (
				CE13BC531C1877E800D0FD78 /* README.mdown in Sources */,
				CED1422E1BD548A40047B181 /* NSTimer+BLocks.m in Sources */,
				CE0277811BD4FE2700C9FEB6 /* ViewController.m in Sources */,
				CED142291BD548A40047B181 /* JSONKit.m in Sources */,
				CED142141BD548A40047B181 /* Jastor.m in Sources */,
				CED1421D1BD548A40047B181 /* ConverUtil.m in Sources */,
				CED1420C1BD548A40047B181 /* NSMutableArray+Additional.m in Sources */,
				CE02777E1BD4FE2700C9FEB6 /* AppDelegate.m in Sources */,
				CED1421E1BD548A40047B181 /* DesUtil.m in Sources */,
				CE02777B1BD4FE2700C9FEB6 /* main.m in Sources */,
				CE13BC5A1C18780600D0FD78 /* Reachability.m in Sources */,
				CE13BC521C1877E800D0FD78 /* MBProgressHUD.m in Sources */,
				CED1422C1BD548A40047B181 /* OpenUDID.m in Sources */,
				CE13BC5B1C18780600D0FD78 /* README.md in Sources */,
				CED142101BD548A40047B181 /* UILabel+Additional.m in Sources */,
				CE13BC4B1C1877B300D0FD78 /* BaseViewController.m in Sources */,
				CED142281BD548A40047B181 /* GTMBase64.m in Sources */,
				CED142151BD548A40047B181 /* JastorRuntimeHelper.m in Sources */,
				CED142341BD54AC70047B181 /* NSData+Base64.m in Sources */,
				CED1420F1BD548A40047B181 /* UIImage+Additional.m in Sources */,
				CED142131BD548A40047B181 /* Helper.m in Sources */,
				CED1420E1BD548A40047B181 /* UIButton+Addtional.m in Sources */,
				CED1420D1BD548A40047B181 /* NSString+Additional.m in Sources */,
				CED1422D1BD548A40047B181 /* LPTimer.m in Sources */,
				CED1420B1BD548A40047B181 /* NSDictionary+Additional.m in Sources */,
				CE13BC4A1C1877B300D0FD78 /* BaseNavigationController.m in Sources */,
				CED142111BD548A40047B181 /* UIView+Additional.m in Sources */,
				CED142351BD54AC70047B181 /* NSData+QBase64.m in Sources */,
			);
			runOnlyForDeploymentPostprocessing = 0;
		};
		CE02778B1BD4FE2800C9FEB6 /* Sources */ = {
			isa = PBXSourcesBuildPhase;
			buildActionMask = 2147483647;
			files = (
				CE0277941BD4FE2800C9FEB6 /* PublicProjectTests.m in Sources */,
			);
			runOnlyForDeploymentPostprocessing = 0;
		};
		CE0277961BD4FE2800C9FEB6 /* Sources */ = {
			isa = PBXSourcesBuildPhase;
			buildActionMask = 2147483647;
			files = (
				CE02779F1BD4FE2800C9FEB6 /* PublicProjectUITests.m in Sources */,
			);
			runOnlyForDeploymentPostprocessing = 0;
		};
/* End PBXSourcesBuildPhase section */

/* Begin PBXTargetDependency section */
		CE0277911BD4FE2800C9FEB6 /* PBXTargetDependency */ = {
			isa = PBXTargetDependency;
			target = CE0277751BD4FE2700C9FEB6 /* PublicProject */;
			targetProxy = CE0277901BD4FE2800C9FEB6 /* PBXContainerItemProxy */;
		};
		CE02779C1BD4FE2800C9FEB6 /* PBXTargetDependency */ = {
			isa = PBXTargetDependency;
			target = CE0277751BD4FE2700C9FEB6 /* PublicProject */;
			targetProxy = CE02779B1BD4FE2800C9FEB6 /* PBXContainerItemProxy */;
		};
/* End PBXTargetDependency section */

/* Begin PBXVariantGroup section */
		CE0277821BD4FE2700C9FEB6 /* Main.storyboard */ = {
			isa = PBXVariantGroup;
			children = (
				CE0277831BD4FE2700C9FEB6 /* Base */,
			);
			name = Main.storyboard;
			sourceTree = "<group>";
		};
		CE0277871BD4FE2700C9FEB6 /* LaunchScreen.storyboard */ = {
			isa = PBXVariantGroup;
			children = (
				CE0277881BD4FE2700C9FEB6 /* Base */,
			);
			name = LaunchScreen.storyboard;
			sourceTree = "<group>";
		};
/* End PBXVariantGroup section */

/* Begin XCBuildConfiguration section */
		CE0277A11BD4FE2800C9FEB6 /* Debug */ = {
			isa = XCBuildConfiguration;
			buildSettings = {
				ALWAYS_SEARCH_USER_PATHS = NO;
				CLANG_CXX_LANGUAGE_STANDARD = "gnu++0x";
				CLANG_CXX_LIBRARY = "libc++";
				CLANG_ENABLE_MODULES = YES;
				CLANG_ENABLE_OBJC_ARC = YES;
				CLANG_WARN_BOOL_CONVERSION = YES;
				CLANG_WARN_CONSTANT_CONVERSION = YES;
				CLANG_WARN_DIRECT_OBJC_ISA_USAGE = YES_ERROR;
				CLANG_WARN_EMPTY_BODY = YES;
				CLANG_WARN_ENUM_CONVERSION = YES;
				CLANG_WARN_INT_CONVERSION = YES;
				CLANG_WARN_OBJC_ROOT_CLASS = YES_ERROR;
				CLANG_WARN_UNREACHABLE_CODE = YES;
				CLANG_WARN__DUPLICATE_METHOD_MATCH = YES;
				"CODE_SIGN_IDENTITY[sdk=iphoneos*]" = "iPhone Developer";
				COPY_PHASE_STRIP = NO;
				DEBUG_INFORMATION_FORMAT = dwarf;
				ENABLE_STRICT_OBJC_MSGSEND = YES;
				ENABLE_TESTABILITY = YES;
				GCC_C_LANGUAGE_STANDARD = gnu99;
				GCC_DYNAMIC_NO_PIC = NO;
				GCC_NO_COMMON_BLOCKS = YES;
				GCC_OPTIMIZATION_LEVEL = 0;
				GCC_PREPROCESSOR_DEFINITIONS = (
					"DEBUG=1",
					"$(inherited)",
				);
				GCC_WARN_64_TO_32_BIT_CONVERSION = YES;
				GCC_WARN_ABOUT_RETURN_TYPE = YES_ERROR;
				GCC_WARN_UNDECLARED_SELECTOR = YES;
				GCC_WARN_UNINITIALIZED_AUTOS = YES_AGGRESSIVE;
				GCC_WARN_UNUSED_FUNCTION = YES;
				GCC_WARN_UNUSED_VARIABLE = YES;
				IPHONEOS_DEPLOYMENT_TARGET = 9.0;
				MTL_ENABLE_DEBUG_INFO = YES;
				ONLY_ACTIVE_ARCH = YES;
				SDKROOT = iphoneos;
			};
			name = Debug;
		};
		CE0277A21BD4FE2800C9FEB6 /* Release */ = {
			isa = XCBuildConfiguration;
			buildSettings = {
				ALWAYS_SEARCH_USER_PATHS = NO;
				CLANG_CXX_LANGUAGE_STANDARD = "gnu++0x";
				CLANG_CXX_LIBRARY = "libc++";
				CLANG_ENABLE_MODULES = YES;
				CLANG_ENABLE_OBJC_ARC = YES;
				CLANG_WARN_BOOL_CONVERSION = YES;
				CLANG_WARN_CONSTANT_CONVERSION = YES;
				CLANG_WARN_DIRECT_OBJC_ISA_USAGE = YES_ERROR;
				CLANG_WARN_EMPTY_BODY = YES;
				CLANG_WARN_ENUM_CONVERSION = YES;
				CLANG_WARN_INT_CONVERSION = YES;
				CLANG_WARN_OBJC_ROOT_CLASS = YES_ERROR;
				CLANG_WARN_UNREACHABLE_CODE = YES;
				CLANG_WARN__DUPLICATE_METHOD_MATCH = YES;
				"CODE_SIGN_IDENTITY[sdk=iphoneos*]" = "iPhone Developer";
				COPY_PHASE_STRIP = NO;
				DEBUG_INFORMATION_FORMAT = "dwarf-with-dsym";
				ENABLE_NS_ASSERTIONS = NO;
				ENABLE_STRICT_OBJC_MSGSEND = YES;
				GCC_C_LANGUAGE_STANDARD = gnu99;
				GCC_NO_COMMON_BLOCKS = YES;
				GCC_WARN_64_TO_32_BIT_CONVERSION = YES;
				GCC_WARN_ABOUT_RETURN_TYPE = YES_ERROR;
				GCC_WARN_UNDECLARED_SELECTOR = YES;
				GCC_WARN_UNINITIALIZED_AUTOS = YES_AGGRESSIVE;
				GCC_WARN_UNUSED_FUNCTION = YES;
				GCC_WARN_UNUSED_VARIABLE = YES;
				IPHONEOS_DEPLOYMENT_TARGET = 9.0;
				MTL_ENABLE_DEBUG_INFO = NO;
				SDKROOT = iphoneos;
				VALIDATE_PRODUCT = YES;
			};
			name = Release;
		};
		CE0277A41BD4FE2800C9FEB6 /* Debug */ = {
			isa = XCBuildConfiguration;
			buildSettings = {
				ASSETCATALOG_COMPILER_APPICON_NAME = AppIcon;
				INFOPLIST_FILE = PublicProject/Info.plist;
				LD_RUNPATH_SEARCH_PATHS = "$(inherited) @executable_path/Frameworks";
				PRODUCT_BUNDLE_IDENTIFIER = BG.PublicProject;
				PRODUCT_NAME = "$(TARGET_NAME)";
			};
			name = Debug;
		};
		CE0277A51BD4FE2800C9FEB6 /* Release */ = {
			isa = XCBuildConfiguration;
			buildSettings = {
				ASSETCATALOG_COMPILER_APPICON_NAME = AppIcon;
				INFOPLIST_FILE = PublicProject/Info.plist;
				LD_RUNPATH_SEARCH_PATHS = "$(inherited) @executable_path/Frameworks";
				PRODUCT_BUNDLE_IDENTIFIER = BG.PublicProject;
				PRODUCT_NAME = "$(TARGET_NAME)";
			};
			name = Release;
		};
		CE0277A71BD4FE2800C9FEB6 /* Debug */ = {
			isa = XCBuildConfiguration;
			buildSettings = {
				BUNDLE_LOADER = "$(TEST_HOST)";
				INFOPLIST_FILE = PublicProjectTests/Info.plist;
				LD_RUNPATH_SEARCH_PATHS = "$(inherited) @executable_path/Frameworks @loader_path/Frameworks";
				PRODUCT_BUNDLE_IDENTIFIER = BG.PublicProjectTests;
				PRODUCT_NAME = "$(TARGET_NAME)";
				TEST_HOST = "$(BUILT_PRODUCTS_DIR)/PublicProject.app/PublicProject";
			};
			name = Debug;
		};
		CE0277A81BD4FE2800C9FEB6 /* Release */ = {
			isa = XCBuildConfiguration;
			buildSettings = {
				BUNDLE_LOADER = "$(TEST_HOST)";
				INFOPLIST_FILE = PublicProjectTests/Info.plist;
				LD_RUNPATH_SEARCH_PATHS = "$(inherited) @executable_path/Frameworks @loader_path/Frameworks";
				PRODUCT_BUNDLE_IDENTIFIER = BG.PublicProjectTests;
				PRODUCT_NAME = "$(TARGET_NAME)";
				TEST_HOST = "$(BUILT_PRODUCTS_DIR)/PublicProject.app/PublicProject";
			};
			name = Release;
		};
		CE0277AA1BD4FE2800C9FEB6 /* Debug */ = {
			isa = XCBuildConfiguration;
			buildSettings = {
				INFOPLIST_FILE = PublicProjectUITests/Info.plist;
				LD_RUNPATH_SEARCH_PATHS = "$(inherited) @executable_path/Frameworks @loader_path/Frameworks";
				PRODUCT_BUNDLE_IDENTIFIER = BG.PublicProjectUITests;
				PRODUCT_NAME = "$(TARGET_NAME)";
				TEST_TARGET_NAME = PublicProject;
				USES_XCTRUNNER = YES;
			};
			name = Debug;
		};
		CE0277AB1BD4FE2800C9FEB6 /* Release */ = {
			isa = XCBuildConfiguration;
			buildSettings = {
				INFOPLIST_FILE = PublicProjectUITests/Info.plist;
				LD_RUNPATH_SEARCH_PATHS = "$(inherited) @executable_path/Frameworks @loader_path/Frameworks";
				PRODUCT_BUNDLE_IDENTIFIER = BG.PublicProjectUITests;
				PRODUCT_NAME = "$(TARGET_NAME)";
				TEST_TARGET_NAME = PublicProject;
				USES_XCTRUNNER = YES;
			};
			name = Release;
		};
/* End XCBuildConfiguration section */

/* Begin XCConfigurationList section */
		CE0277711BD4FE2700C9FEB6 /* Build configuration list for PBXProject "PublicProject" */ = {
			isa = XCConfigurationList;
			buildConfigurations = (
				CE0277A11BD4FE2800C9FEB6 /* Debug */,
				CE0277A21BD4FE2800C9FEB6 /* Release */,
			);
			defaultConfigurationIsVisible = 0;
			defaultConfigurationName = Release;
		};
		CE0277A31BD4FE2800C9FEB6 /* Build configuration list for PBXNativeTarget "PublicProject" */ = {
			isa = XCConfigurationList;
			buildConfigurations = (
				CE0277A41BD4FE2800C9FEB6 /* Debug */,
				CE0277A51BD4FE2800C9FEB6 /* Release */,
			);
			defaultConfigurationIsVisible = 0;
			defaultConfigurationName = Release;
		};
		CE0277A61BD4FE2800C9FEB6 /* Build configuration list for PBXNativeTarget "PublicProjectTests" */ = {
			isa = XCConfigurationList;
			buildConfigurations = (
				CE0277A71BD4FE2800C9FEB6 /* Debug */,
				CE0277A81BD4FE2800C9FEB6 /* Release */,
			);
			defaultConfigurationIsVisible = 0;
			defaultConfigurationName = Release;
		};
		CE0277A91BD4FE2800C9FEB6 /* Build configuration list for PBXNativeTarget "PublicProjectUITests" */ = {
			isa = XCConfigurationList;
			buildConfigurations = (
				CE0277AA1BD4FE2800C9FEB6 /* Debug */,
				CE0277AB1BD4FE2800C9FEB6 /* Release */,
			);
			defaultConfigurationIsVisible = 0;
			defaultConfigurationName = Release;
		};
/* End XCConfigurationList section */
	};
	rootObject = CE02776E1BD4FE2700C9FEB6 /* Project object */;
}
